PODS:
  - CocoaAsyncSocket (7.6.2)
  - KIF (3.7.1):
    - KIF/Core (= 3.7.1)
  - KIF/Core (3.7.1)
  - MQTTClient (0.13.0):
    - MQTTClient/Core (= 0.13.0)
  - MQTTClient/Core (0.13.0):
    - MQTTClient/Manager
    - MQTTClient/Min
  - MQTTClient/Manager (0.13.0):
    - MQTTClient/Min
  - MQTTClient/Min (0.13.0)

DEPENDENCIES:
  - CocoaAsyncSocket
  - KIF (~> 3.0)
  - MQTTClient

SPEC CHECKSUMS:
  CocoaAsyncSocket: 3541e024f48c54b251638ef72d51dd42808de932
  KIF: af73f6a04539bd205622c2e5ce5f910cc2123d4b
  MQTTClient: aced164e080fb139daa98fc745d01da279e55945

PODFILE CHECKSUM: a947bbbb739a5f7b2930cd356ef6b721069b44fc

COCOAPODS: 1.4.0
