// !$*UTF8*$!
{
	archiveVersion = 1;
	classes = {
	};
	objectVersion = 48;
	objects = {

/* Begin PBXBuildFile section */
		2EC341EF20600DCE007F4B8C /* CategoryCollectionView.m in Sources */ = {isa = PBXBuildFile; fileRef = 2EC341EE20600DCE007F4B8C /* CategoryCollectionView.m */; };
		2EC341F220600E73007F4B8C /* CategoryDataDelegate.m in Sources */ = {isa = PBXBuildFile; fileRef = 2EC341F120600E73007F4B8C /* CategoryDataDelegate.m */; };
		2EC341F520600EBA007F4B8C /* CategoryCollectionCell.m in Sources */ = {isa = PBXBuildFile; fileRef = 2EC341F420600EBA007F4B8C /* CategoryCollectionCell.m */; };
		3EA40562274736440E682BDD /* libPods-JJControl.a in Frameworks */ = {isa = PBXBuildFile; fileRef = E718575862E4A786EFD47144 /* libPods-JJControl.a */; };
		84B1ABF72050DE08005F028A /* AppDelegate.m in Sources */ = {isa = PBXBuildFile; fileRef = 84B1ABF62050DE08005F028A /* AppDelegate.m */; };
		84B1ABFD2050DE08005F028A /* Main.storyboard in Resources */ = {isa = PBXBuildFile; fileRef = 84B1ABFB2050DE08005F028A /* Main.storyboard */; };
		84B1ABFF2050DE08005F028A /* Assets.xcassets in Resources */ = {isa = PBXBuildFile; fileRef = 84B1ABFE2050DE08005F028A /* Assets.xcassets */; };
		84B1AC022050DE08005F028A /* LaunchScreen.storyboard in Resources */ = {isa = PBXBuildFile; fileRef = 84B1AC002050DE08005F028A /* LaunchScreen.storyboard */; };
		84B1AC052050DE08005F028A /* main.m in Sources */ = {isa = PBXBuildFile; fileRef = 84B1AC042050DE08005F028A /* main.m */; };
		84B1AC0F2050DE08005F028A /* JJControlTests.m in Sources */ = {isa = PBXBuildFile; fileRef = 84B1AC0E2050DE08005F028A /* JJControlTests.m */; };
		84B1AC1A2050DE08005F028A /* JJControlUITests.m in Sources */ = {isa = PBXBuildFile; fileRef = 84B1AC192050DE08005F028A /* JJControlUITests.m */; };
		84F1E8B6205A6D9F00828549 /* MainTabBarController.m in Sources */ = {isa = PBXBuildFile; fileRef = 84F1E8B5205A6D9F00828549 /* MainTabBarController.m */; };
		84F1E8BA205A6E1C00828549 /* HomeController.m in Sources */ = {isa = PBXBuildFile; fileRef = 84F1E8B9205A6E1C00828549 /* HomeController.m */; };
		84F1E8BD205A6E3000828549 /* RoomController.m in Sources */ = {isa = PBXBuildFile; fileRef = 84F1E8BC205A6E3000828549 /* RoomController.m */; };
		84F1E8C0205A6E7B00828549 /* CategoryController.m in Sources */ = {isa = PBXBuildFile; fileRef = 84F1E8BF205A6E7B00828549 /* CategoryController.m */; };
		84F1E8C3205A6E9600828549 /* SettingController.m in Sources */ = {isa = PBXBuildFile; fileRef = 84F1E8C2205A6E9600828549 /* SettingController.m */; };
		84F1E8DC205A773400828549 /* type_on@2x.png in Resources */ = {isa = PBXBuildFile; fileRef = 84F1E8D4205A773300828549 /* type_on@2x.png */; };
		84F1E8DD205A773400828549 /* room_on@2x.png in Resources */ = {isa = PBXBuildFile; fileRef = 84F1E8D5205A773300828549 /* room_on@2x.png */; };
		84F1E8DE205A773400828549 /* setting@2x.png in Resources */ = {isa = PBXBuildFile; fileRef = 84F1E8D6205A773300828549 /* setting@2x.png */; };
		84F1E8DF205A773400828549 /* type@2x.png in Resources */ = {isa = PBXBuildFile; fileRef = 84F1E8D7205A773300828549 /* type@2x.png */; };
		84F1E8E0205A773400828549 /* home@2x.png in Resources */ = {isa = PBXBuildFile; fileRef = 84F1E8D8205A773300828549 /* home@2x.png */; };
		84F1E8E1205A773400828549 /* room@2x.png in Resources */ = {isa = PBXBuildFile; fileRef = 84F1E8D9205A773300828549 /* room@2x.png */; };
		84F1E8E2205A773400828549 /* home_on@2x.png in Resources */ = {isa = PBXBuildFile; fileRef = 84F1E8DA205A773300828549 /* home_on@2x.png */; };
		84F1E8E3205A773400828549 /* setting_on@2x.png in Resources */ = {isa = PBXBuildFile; fileRef = 84F1E8DB205A773300828549 /* setting_on@2x.png */; };
		84FAE8AE2054C2C900BF112C /* JJServiceInterface.m in Sources */ = {isa = PBXBuildFile; fileRef = 84FAE8AD2054C2C900BF112C /* JJServiceInterface.m */; };
		84FAE8C92056158300BF112C /* BDUMD5Crypt.m in Sources */ = {isa = PBXBuildFile; fileRef = 84FAE8C82056158300BF112C /* BDUMD5Crypt.m */; };
		84FAE8EF20565E4C00BF112C /* intro.mp4 in Resources */ = {isa = PBXBuildFile; fileRef = 84FAE8EE20565E4C00BF112C /* intro.mp4 */; };
		84FAE8F420565EF300BF112C /* MediaPlayer.framework in Frameworks */ = {isa = PBXBuildFile; fileRef = 84FAE8F320565EF200BF112C /* MediaPlayer.framework */; };
		84FAE8F62056665D00BF112C /* AVFoundation.framework in Frameworks */ = {isa = PBXBuildFile; fileRef = 84FAE8F52056665D00BF112C /* AVFoundation.framework */; };
		84FAE8FA20566BF900BF112C /* JJCtrlConfig.m in Sources */ = {isa = PBXBuildFile; fileRef = 84FAE8F920566BF900BF112C /* JJCtrlConfig.m */; };
		84FAEEA12057AEAC00BF112C /* JJControlResource.bundle in Resources */ = {isa = PBXBuildFile; fileRef = 84FAEEA02057AEAC00BF112C /* JJControlResource.bundle */; };
		84FAEF89205AB0D900BF112C /* BaseDataSource.m in Sources */ = {isa = PBXBuildFile; fileRef = 84FAEF88205AB0D900BF112C /* BaseDataSource.m */; };
		84FAEF8C205AB40B00BF112C /* BaseDataDelegate.m in Sources */ = {isa = PBXBuildFile; fileRef = 84FAEF8B205AB40B00BF112C /* BaseDataDelegate.m */; };
		84FAEF8F205ABC9D00BF112C /* BaseCollectionLayout.m in Sources */ = {isa = PBXBuildFile; fileRef = 84FAEF8E205ABC9D00BF112C /* BaseCollectionLayout.m */; };
		84FAEF92205ABD0D00BF112C /* BaseCollectionView.m in Sources */ = {isa = PBXBuildFile; fileRef = 84FAEF91205ABD0D00BF112C /* BaseCollectionView.m */; };
		84FAEFA1205ABE3C00BF112C /* RoomCollectionView.m in Sources */ = {isa = PBXBuildFile; fileRef = 84FAEFA0205ABE3C00BF112C /* RoomCollectionView.m */; };
		84FAEFA4205AC2BA00BF112C /* RoomCollectionCell.m in Sources */ = {isa = PBXBuildFile; fileRef = 84FAEFA3205AC2BA00BF112C /* RoomCollectionCell.m */; };
		84FAEFEB205E9C8200BF112C /* RoomDataDelegate.m in Sources */ = {isa = PBXBuildFile; fileRef = 84FAEFEA205E9C8200BF112C /* RoomDataDelegate.m */; };
		84FAEFEE205E9FA800BF112C /* RoomCollectionReusable.m in Sources */ = {isa = PBXBuildFile; fileRef = 84FAEFED205E9FA800BF112C /* RoomCollectionReusable.m */; };
		84FAF000205EAF6A00BF112C /* ForgetPwdController.m in Sources */ = {isa = PBXBuildFile; fileRef = 84FAEFF1205EAF6A00BF112C /* ForgetPwdController.m */; };
		84FAF001205EAF6A00BF112C /* GuideController.m in Sources */ = {isa = PBXBuildFile; fileRef = 84FAEFF3205EAF6A00BF112C /* GuideController.m */; };
		84FAF002205EAF6A00BF112C /* LoginController.m in Sources */ = {isa = PBXBuildFile; fileRef = 84FAEFF5205EAF6A00BF112C /* LoginController.m */; };
		84FAF003205EAF6A00BF112C /* NavController.m in Sources */ = {isa = PBXBuildFile; fileRef = 84FAEFF7205EAF6A00BF112C /* NavController.m */; };
		84FAF004205EAF6A00BF112C /* OtherLoginController.m in Sources */ = {isa = PBXBuildFile; fileRef = 84FAEFF9205EAF6A00BF112C /* OtherLoginController.m */; };
		84FAF005205EAF6A00BF112C /* RegisterController.m in Sources */ = {isa = PBXBuildFile; fileRef = 84FAEFFB205EAF6A00BF112C /* RegisterController.m */; };
		84FAF006205EAF6A00BF112C /* UserBaseController.m in Sources */ = {isa = PBXBuildFile; fileRef = 84FAEFFD205EAF6A00BF112C /* UserBaseController.m */; };
		84FAF007205EAF6A00BF112C /* ViewController.m in Sources */ = {isa = PBXBuildFile; fileRef = 84FAEFFF205EAF6A00BF112C /* ViewController.m */; };
		84FAF02D205FDA7000BF112C /* mqtt.plist in Resources */ = {isa = PBXBuildFile; fileRef = 84FAF02C205FDA7000BF112C /* mqtt.plist */; };
		FABD6C35652F4D54E2A4DF90 /* libPods-JJControlTests.a in Frameworks */ = {isa = PBXBuildFile; fileRef = F60C49A65A78122C5F926BD5 /* libPods-JJControlTests.a */; };
/* End PBXBuildFile section */

/* Begin PBXContainerItemProxy section */
		84B1AC0B2050DE08005F028A /* PBXContainerItemProxy */ = {
			isa = PBXContainerItemProxy;
			containerPortal = 84B1ABEA2050DE08005F028A /* Project object */;
			proxyType = 1;
			remoteGlobalIDString = 84B1ABF12050DE08005F028A;
			remoteInfo = JJControl;
		};
		84B1AC162050DE08005F028A /* PBXContainerItemProxy */ = {
			isa = PBXContainerItemProxy;
			containerPortal = 84B1ABEA2050DE08005F028A /* Project object */;
			proxyType = 1;
			remoteGlobalIDString = 84B1ABF12050DE08005F028A;
			remoteInfo = JJControl;
		};
/* End PBXContainerItemProxy section */

/* Begin PBXFileReference section */
		2EC341ED20600DCE007F4B8C /* CategoryCollectionView.h */ = {isa = PBXFileReference; lastKnownFileType = sourcecode.c.h; path = CategoryCollectionView.h; sourceTree = "<group>"; };
		2EC341EE20600DCE007F4B8C /* CategoryCollectionView.m */ = {isa = PBXFileReference; lastKnownFileType = sourcecode.c.objc; path = CategoryCollectionView.m; sourceTree = "<group>"; };
		2EC341F020600E73007F4B8C /* CategoryDataDelegate.h */ = {isa = PBXFileReference; lastKnownFileType = sourcecode.c.h; path = CategoryDataDelegate.h; sourceTree = "<group>"; };
		2EC341F120600E73007F4B8C /* CategoryDataDelegate.m */ = {isa = PBXFileReference; lastKnownFileType = sourcecode.c.objc; path = CategoryDataDelegate.m; sourceTree = "<group>"; };
		2EC341F320600EBA007F4B8C /* CategoryCollectionCell.h */ = {isa = PBXFileReference; lastKnownFileType = sourcecode.c.h; path = CategoryCollectionCell.h; sourceTree = "<group>"; };
		2EC341F420600EBA007F4B8C /* CategoryCollectionCell.m */ = {isa = PBXFileReference; lastKnownFileType = sourcecode.c.objc; path = CategoryCollectionCell.m; sourceTree = "<group>"; };
		6CCF6077A4B32890BA60222A /* Pods-JJControl.release.xcconfig */ = {isa = PBXFileReference; includeInIndex = 1; lastKnownFileType = text.xcconfig; name = "Pods-JJControl.release.xcconfig"; path = "Pods/Target Support Files/Pods-JJControl/Pods-JJControl.release.xcconfig"; sourceTree = "<group>"; };
		7A49B1E052B158A11924C475 /* Pods-JJControl.debug.xcconfig */ = {isa = PBXFileReference; includeInIndex = 1; lastKnownFileType = text.xcconfig; name = "Pods-JJControl.debug.xcconfig"; path = "Pods/Target Support Files/Pods-JJControl/Pods-JJControl.debug.xcconfig"; sourceTree = "<group>"; };
		84B1ABF22050DE08005F028A /* JJControl.app */ = {isa = PBXFileReference; explicitFileType = wrapper.application; includeInIndex = 0; path = JJControl.app; sourceTree = BUILT_PRODUCTS_DIR; };
		84B1ABF52050DE08005F028A /* AppDelegate.h */ = {isa = PBXFileReference; lastKnownFileType = sourcecode.c.h; path = AppDelegate.h; sourceTree = "<group>"; };
		84B1ABF62050DE08005F028A /* AppDelegate.m */ = {isa = PBXFileReference; lastKnownFileType = sourcecode.c.objc; path = AppDelegate.m; sourceTree = "<group>"; };
		84B1ABFC2050DE08005F028A /* Base */ = {isa = PBXFileReference; lastKnownFileType = file.storyboard; name = Base; path = Base.lproj/Main.storyboard; sourceTree = "<group>"; };
		84B1ABFE2050DE08005F028A /* Assets.xcassets */ = {isa = PBXFileReference; lastKnownFileType = folder.assetcatalog; path = Assets.xcassets; sourceTree = "<group>"; };
		84B1AC012050DE08005F028A /* Base */ = {isa = PBXFileReference; lastKnownFileType = file.storyboard; name = Base; path = Base.lproj/LaunchScreen.storyboard; sourceTree = "<group>"; };
		84B1AC032050DE08005F028A /* Info.plist */ = {isa = PBXFileReference; lastKnownFileType = text.plist.xml; path = Info.plist; sourceTree = "<group>"; };
		84B1AC042050DE08005F028A /* main.m */ = {isa = PBXFileReference; lastKnownFileType = sourcecode.c.objc; path = main.m; sourceTree = "<group>"; };
		84B1AC0A2050DE08005F028A /* JJControlTests.xctest */ = {isa = PBXFileReference; explicitFileType = wrapper.cfbundle; includeInIndex = 0; path = JJControlTests.xctest; sourceTree = BUILT_PRODUCTS_DIR; };
		84B1AC0E2050DE08005F028A /* JJControlTests.m */ = {isa = PBXFileReference; lastKnownFileType = sourcecode.c.objc; path = JJControlTests.m; sourceTree = "<group>"; };
		84B1AC102050DE08005F028A /* Info.plist */ = {isa = PBXFileReference; lastKnownFileType = text.plist.xml; path = Info.plist; sourceTree = "<group>"; };
		84B1AC152050DE08005F028A /* JJControlUITests.xctest */ = {isa = PBXFileReference; explicitFileType = wrapper.cfbundle; includeInIndex = 0; path = JJControlUITests.xctest; sourceTree = BUILT_PRODUCTS_DIR; };
		84B1AC192050DE08005F028A /* JJControlUITests.m */ = {isa = PBXFileReference; lastKnownFileType = sourcecode.c.objc; path = JJControlUITests.m; sourceTree = "<group>"; };
		84B1AC1B2050DE08005F028A /* Info.plist */ = {isa = PBXFileReference; lastKnownFileType = text.plist.xml; path = Info.plist; sourceTree = "<group>"; };
		84F1E8B4205A6D9F00828549 /* MainTabBarController.h */ = {isa = PBXFileReference; lastKnownFileType = sourcecode.c.h; path = MainTabBarController.h; sourceTree = "<group>"; };
		84F1E8B5205A6D9F00828549 /* MainTabBarController.m */ = {isa = PBXFileReference; lastKnownFileType = sourcecode.c.objc; path = MainTabBarController.m; sourceTree = "<group>"; };
		84F1E8B8205A6E1C00828549 /* HomeController.h */ = {isa = PBXFileReference; lastKnownFileType = sourcecode.c.h; path = HomeController.h; sourceTree = "<group>"; };
		84F1E8B9205A6E1C00828549 /* HomeController.m */ = {isa = PBXFileReference; lastKnownFileType = sourcecode.c.objc; path = HomeController.m; sourceTree = "<group>"; };
		84F1E8BB205A6E3000828549 /* RoomController.h */ = {isa = PBXFileReference; lastKnownFileType = sourcecode.c.h; path = RoomController.h; sourceTree = "<group>"; };
		84F1E8BC205A6E3000828549 /* RoomController.m */ = {isa = PBXFileReference; lastKnownFileType = sourcecode.c.objc; path = RoomController.m; sourceTree = "<group>"; };
		84F1E8BE205A6E7B00828549 /* CategoryController.h */ = {isa = PBXFileReference; lastKnownFileType = sourcecode.c.h; path = CategoryController.h; sourceTree = "<group>"; };
		84F1E8BF205A6E7B00828549 /* CategoryController.m */ = {isa = PBXFileReference; lastKnownFileType = sourcecode.c.objc; path = CategoryController.m; sourceTree = "<group>"; };
		84F1E8C1205A6E9600828549 /* SettingController.h */ = {isa = PBXFileReference; lastKnownFileType = sourcecode.c.h; path = SettingController.h; sourceTree = "<group>"; };
		84F1E8C2205A6E9600828549 /* SettingController.m */ = {isa = PBXFileReference; lastKnownFileType = sourcecode.c.objc; path = SettingController.m; sourceTree = "<group>"; };
		84F1E8D4205A773300828549 /* type_on@2x.png */ = {isa = PBXFileReference; lastKnownFileType = image.png; path = "type_on@2x.png"; sourceTree = "<group>"; };
		84F1E8D5205A773300828549 /* room_on@2x.png */ = {isa = PBXFileReference; lastKnownFileType = image.png; path = "room_on@2x.png"; sourceTree = "<group>"; };
		84F1E8D6205A773300828549 /* setting@2x.png */ = {isa = PBXFileReference; lastKnownFileType = image.png; path = "setting@2x.png"; sourceTree = "<group>"; };
		84F1E8D7205A773300828549 /* type@2x.png */ = {isa = PBXFileReference; lastKnownFileType = image.png; path = "type@2x.png"; sourceTree = "<group>"; };
		84F1E8D8205A773300828549 /* home@2x.png */ = {isa = PBXFileReference; lastKnownFileType = image.png; path = "home@2x.png"; sourceTree = "<group>"; };
		84F1E8D9205A773300828549 /* room@2x.png */ = {isa = PBXFileReference; lastKnownFileType = image.png; path = "room@2x.png"; sourceTree = "<group>"; };
		84F1E8DA205A773300828549 /* home_on@2x.png */ = {isa = PBXFileReference; lastKnownFileType = image.png; path = "home_on@2x.png"; sourceTree = "<group>"; };
		84F1E8DB205A773300828549 /* setting_on@2x.png */ = {isa = PBXFileReference; lastKnownFileType = image.png; path = "setting_on@2x.png"; sourceTree = "<group>"; };
		84FAE8AC2054C2C900BF112C /* JJServiceInterface.h */ = {isa = PBXFileReference; lastKnownFileType = sourcecode.c.h; path = JJServiceInterface.h; sourceTree = "<group>"; };
		84FAE8AD2054C2C900BF112C /* JJServiceInterface.m */ = {isa = PBXFileReference; lastKnownFileType = sourcecode.c.objc; path = JJServiceInterface.m; sourceTree = "<group>"; };
		84FAE8C72056158300BF112C /* BDUMD5Crypt.h */ = {isa = PBXFileReference; lastKnownFileType = sourcecode.c.h; path = BDUMD5Crypt.h; sourceTree = "<group>"; };
		84FAE8C82056158300BF112C /* BDUMD5Crypt.m */ = {isa = PBXFileReference; lastKnownFileType = sourcecode.c.objc; path = BDUMD5Crypt.m; sourceTree = "<group>"; };
		84FAE8EE20565E4C00BF112C /* intro.mp4 */ = {isa = PBXFileReference; lastKnownFileType = file; path = intro.mp4; sourceTree = "<group>"; };
		84FAE8F320565EF200BF112C /* MediaPlayer.framework */ = {isa = PBXFileReference; lastKnownFileType = wrapper.framework; name = MediaPlayer.framework; path = System/Library/Frameworks/MediaPlayer.framework; sourceTree = SDKROOT; };
		84FAE8F52056665D00BF112C /* AVFoundation.framework */ = {isa = PBXFileReference; lastKnownFileType = wrapper.framework; name = AVFoundation.framework; path = System/Library/Frameworks/AVFoundation.framework; sourceTree = SDKROOT; };
		84FAE8F820566BF900BF112C /* JJCtrlConfig.h */ = {isa = PBXFileReference; lastKnownFileType = sourcecode.c.h; path = JJCtrlConfig.h; sourceTree = "<group>"; };
		84FAE8F920566BF900BF112C /* JJCtrlConfig.m */ = {isa = PBXFileReference; lastKnownFileType = sourcecode.c.objc; path = JJCtrlConfig.m; sourceTree = "<group>"; };
		84FAED412057AC2C00BF112C /* JJControlResource.bundle */ = {isa = PBXFileReference; explicitFileType = wrapper.cfbundle; includeInIndex = 0; path = JJControlResource.bundle; sourceTree = BUILT_PRODUCTS_DIR; };
		84FAED432057AC2C00BF112C /* Info.plist */ = {isa = PBXFileReference; lastKnownFileType = text.plist.xml; path = Info.plist; sourceTree = "<group>"; };
		84FAEEA02057AEAC00BF112C /* JJControlResource.bundle */ = {isa = PBXFileReference; lastKnownFileType = "wrapper.plug-in"; path = JJControlResource.bundle; sourceTree = "<group>"; };
		84FAEF87205AB0D900BF112C /* BaseDataSource.h */ = {isa = PBXFileReference; lastKnownFileType = sourcecode.c.h; path = BaseDataSource.h; sourceTree = "<group>"; };
		84FAEF88205AB0D900BF112C /* BaseDataSource.m */ = {isa = PBXFileReference; lastKnownFileType = sourcecode.c.objc; path = BaseDataSource.m; sourceTree = "<group>"; };
		84FAEF8A205AB40B00BF112C /* BaseDataDelegate.h */ = {isa = PBXFileReference; lastKnownFileType = sourcecode.c.h; path = BaseDataDelegate.h; sourceTree = "<group>"; };
		84FAEF8B205AB40B00BF112C /* BaseDataDelegate.m */ = {isa = PBXFileReference; lastKnownFileType = sourcecode.c.objc; path = BaseDataDelegate.m; sourceTree = "<group>"; };
		84FAEF8D205ABC9D00BF112C /* BaseCollectionLayout.h */ = {isa = PBXFileReference; lastKnownFileType = sourcecode.c.h; path = BaseCollectionLayout.h; sourceTree = "<group>"; };
		84FAEF8E205ABC9D00BF112C /* BaseCollectionLayout.m */ = {isa = PBXFileReference; lastKnownFileType = sourcecode.c.objc; path = BaseCollectionLayout.m; sourceTree = "<group>"; };
		84FAEF90205ABD0D00BF112C /* BaseCollectionView.h */ = {isa = PBXFileReference; lastKnownFileType = sourcecode.c.h; path = BaseCollectionView.h; sourceTree = "<group>"; };
		84FAEF91205ABD0D00BF112C /* BaseCollectionView.m */ = {isa = PBXFileReference; lastKnownFileType = sourcecode.c.objc; path = BaseCollectionView.m; sourceTree = "<group>"; };
		84FAEF9F205ABE3C00BF112C /* RoomCollectionView.h */ = {isa = PBXFileReference; lastKnownFileType = sourcecode.c.h; path = RoomCollectionView.h; sourceTree = "<group>"; };
		84FAEFA0205ABE3C00BF112C /* RoomCollectionView.m */ = {isa = PBXFileReference; lastKnownFileType = sourcecode.c.objc; path = RoomCollectionView.m; sourceTree = "<group>"; };
		84FAEFA2205AC2BA00BF112C /* RoomCollectionCell.h */ = {isa = PBXFileReference; lastKnownFileType = sourcecode.c.h; path = RoomCollectionCell.h; sourceTree = "<group>"; };
		84FAEFA3205AC2BA00BF112C /* RoomCollectionCell.m */ = {isa = PBXFileReference; lastKnownFileType = sourcecode.c.objc; path = RoomCollectionCell.m; sourceTree = "<group>"; };
		84FAEFE9205E9C8200BF112C /* RoomDataDelegate.h */ = {isa = PBXFileReference; lastKnownFileType = sourcecode.c.h; path = RoomDataDelegate.h; sourceTree = "<group>"; };
		84FAEFEA205E9C8200BF112C /* RoomDataDelegate.m */ = {isa = PBXFileReference; lastKnownFileType = sourcecode.c.objc; path = RoomDataDelegate.m; sourceTree = "<group>"; };
		84FAEFEC205E9FA800BF112C /* RoomCollectionReusable.h */ = {isa = PBXFileReference; lastKnownFileType = sourcecode.c.h; path = RoomCollectionReusable.h; sourceTree = "<group>"; };
		84FAEFED205E9FA800BF112C /* RoomCollectionReusable.m */ = {isa = PBXFileReference; lastKnownFileType = sourcecode.c.objc; path = RoomCollectionReusable.m; sourceTree = "<group>"; };
		84FAEFF0205EAF6A00BF112C /* ForgetPwdController.h */ = {isa = PBXFileReference; fileEncoding = 4; lastKnownFileType = sourcecode.c.h; path = ForgetPwdController.h; sourceTree = "<group>"; };
		84FAEFF1205EAF6A00BF112C /* ForgetPwdController.m */ = {isa = PBXFileReference; fileEncoding = 4; lastKnownFileType = sourcecode.c.objc; path = ForgetPwdController.m; sourceTree = "<group>"; };
		84FAEFF2205EAF6A00BF112C /* GuideController.h */ = {isa = PBXFileReference; fileEncoding = 4; lastKnownFileType = sourcecode.c.h; path = GuideController.h; sourceTree = "<group>"; };
		84FAEFF3205EAF6A00BF112C /* GuideController.m */ = {isa = PBXFileReference; fileEncoding = 4; lastKnownFileType = sourcecode.c.objc; path = GuideController.m; sourceTree = "<group>"; };
		84FAEFF4205EAF6A00BF112C /* LoginController.h */ = {isa = PBXFileReference; fileEncoding = 4; lastKnownFileType = sourcecode.c.h; path = LoginController.h; sourceTree = "<group>"; };
		84FAEFF5205EAF6A00BF112C /* LoginController.m */ = {isa = PBXFileReference; fileEncoding = 4; lastKnownFileType = sourcecode.c.objc; path = LoginController.m; sourceTree = "<group>"; };
		84FAEFF6205EAF6A00BF112C /* NavController.h */ = {isa = PBXFileReference; fileEncoding = 4; lastKnownFileType = sourcecode.c.h; path = NavController.h; sourceTree = "<group>"; };
		84FAEFF7205EAF6A00BF112C /* NavController.m */ = {isa = PBXFileReference; fileEncoding = 4; lastKnownFileType = sourcecode.c.objc; path = NavController.m; sourceTree = "<group>"; };
		84FAEFF8205EAF6A00BF112C /* OtherLoginController.h */ = {isa = PBXFileReference; fileEncoding = 4; lastKnownFileType = sourcecode.c.h; path = OtherLoginController.h; sourceTree = "<group>"; };
		84FAEFF9205EAF6A00BF112C /* OtherLoginController.m */ = {isa = PBXFileReference; fileEncoding = 4; lastKnownFileType = sourcecode.c.objc; path = OtherLoginController.m; sourceTree = "<group>"; };
		84FAEFFA205EAF6A00BF112C /* RegisterController.h */ = {isa = PBXFileReference; fileEncoding = 4; lastKnownFileType = sourcecode.c.h; path = RegisterController.h; sourceTree = "<group>"; };
		84FAEFFB205EAF6A00BF112C /* RegisterController.m */ = {isa = PBXFileReference; fileEncoding = 4; lastKnownFileType = sourcecode.c.objc; path = RegisterController.m; sourceTree = "<group>"; };
		84FAEFFC205EAF6A00BF112C /* UserBaseController.h */ = {isa = PBXFileReference; fileEncoding = 4; lastKnownFileType = sourcecode.c.h; path = UserBaseController.h; sourceTree = "<group>"; };
		84FAEFFD205EAF6A00BF112C /* UserBaseController.m */ = {isa = PBXFileReference; fileEncoding = 4; lastKnownFileType = sourcecode.c.objc; path = UserBaseController.m; sourceTree = "<group>"; };
		84FAEFFE205EAF6A00BF112C /* ViewController.h */ = {isa = PBXFileReference; fileEncoding = 4; lastKnownFileType = sourcecode.c.h; path = ViewController.h; sourceTree = "<group>"; };
		84FAEFFF205EAF6A00BF112C /* ViewController.m */ = {isa = PBXFileReference; fileEncoding = 4; lastKnownFileType = sourcecode.c.objc; path = ViewController.m; sourceTree = "<group>"; };
		84FAF02C205FDA7000BF112C /* mqtt.plist */ = {isa = PBXFileReference; fileEncoding = 4; lastKnownFileType = text.plist.xml; path = mqtt.plist; sourceTree = "<group>"; };
		8E1E090301D0EE65464692C2 /* libPods-JJControlUITests.a */ = {isa = PBXFileReference; explicitFileType = archive.ar; includeInIndex = 0; path = "libPods-JJControlUITests.a"; sourceTree = BUILT_PRODUCTS_DIR; };
		8FF19B07AEB2ED139E7CA732 /* Pods-JJControlTests.debug.xcconfig */ = {isa = PBXFileReference; includeInIndex = 1; lastKnownFileType = text.xcconfig; name = "Pods-JJControlTests.debug.xcconfig"; path = "Pods/Target Support Files/Pods-JJControlTests/Pods-JJControlTests.debug.xcconfig"; sourceTree = "<group>"; };
		AA4192CE4AD5263CDDD4FEED /* Pods-JJControlTests.release.xcconfig */ = {isa = PBXFileReference; includeInIndex = 1; lastKnownFileType = text.xcconfig; name = "Pods-JJControlTests.release.xcconfig"; path = "Pods/Target Support Files/Pods-JJControlTests/Pods-JJControlTests.release.xcconfig"; sourceTree = "<group>"; };
		E718575862E4A786EFD47144 /* libPods-JJControl.a */ = {isa = PBXFileReference; explicitFileType = archive.ar; includeInIndex = 0; path = "libPods-JJControl.a"; sourceTree = BUILT_PRODUCTS_DIR; };
		F60C49A65A78122C5F926BD5 /* libPods-JJControlTests.a */ = {isa = PBXFileReference; explicitFileType = archive.ar; includeInIndex = 0; path = "libPods-JJControlTests.a"; sourceTree = BUILT_PRODUCTS_DIR; };
/* End PBXFileReference section */

/* Begin PBXFrameworksBuildPhase section */
		84B1ABEF2050DE08005F028A /* Frameworks */ = {
			isa = PBXFrameworksBuildPhase;
			buildActionMask = 2147483647;
			files = (
				84FAE8F62056665D00BF112C /* AVFoundation.framework in Frameworks */,
				84FAE8F420565EF300BF112C /* MediaPlayer.framework in Frameworks */,
				3EA40562274736440E682BDD /* libPods-JJControl.a in Frameworks */,
			);
			runOnlyForDeploymentPostprocessing = 0;
		};
		84B1AC072050DE08005F028A /* Frameworks */ = {
			isa = PBXFrameworksBuildPhase;
			buildActionMask = 2147483647;
			files = (
				FABD6C35652F4D54E2A4DF90 /* libPods-JJControlTests.a in Frameworks */,
			);
			runOnlyForDeploymentPostprocessing = 0;
		};
		84B1AC122050DE08005F028A /* Frameworks */ = {
			isa = PBXFrameworksBuildPhase;
			buildActionMask = 2147483647;
			files = (
			);
			runOnlyForDeploymentPostprocessing = 0;
		};
		84FAED3E2057AC2C00BF112C /* Frameworks */ = {
			isa = PBXFrameworksBuildPhase;
			buildActionMask = 2147483647;
			files = (
			);
			runOnlyForDeploymentPostprocessing = 0;
		};
/* End PBXFrameworksBuildPhase section */

/* Begin PBXGroup section */
		0ED8EF2DF59EBADCCB34E5C3 /* Pods */ = {
			isa = PBXGroup;
			children = (
				7A49B1E052B158A11924C475 /* Pods-JJControl.debug.xcconfig */,
				6CCF6077A4B32890BA60222A /* Pods-JJControl.release.xcconfig */,
				8FF19B07AEB2ED139E7CA732 /* Pods-JJControlTests.debug.xcconfig */,
				AA4192CE4AD5263CDDD4FEED /* Pods-JJControlTests.release.xcconfig */,
			);
			name = Pods;
			sourceTree = "<group>";
		};
		2EC341EC20600D45007F4B8C /* Category */ = {
			isa = PBXGroup;
			children = (
				2EC341ED20600DCE007F4B8C /* CategoryCollectionView.h */,
				2EC341EE20600DCE007F4B8C /* CategoryCollectionView.m */,
				2EC341F020600E73007F4B8C /* CategoryDataDelegate.h */,
				2EC341F120600E73007F4B8C /* CategoryDataDelegate.m */,
				2EC341F320600EBA007F4B8C /* CategoryCollectionCell.h */,
				2EC341F420600EBA007F4B8C /* CategoryCollectionCell.m */,
			);
			path = Category;
			sourceTree = "<group>";
		};
		84B1ABE92050DE08005F028A = {
			isa = PBXGroup;
			children = (
				84B1ABF42050DE08005F028A /* JJControl */,
				84B1AC0D2050DE08005F028A /* JJControlTests */,
				84B1AC182050DE08005F028A /* JJControlUITests */,
				84FAED422057AC2C00BF112C /* JJControlResource */,
				84B1ABF32050DE08005F028A /* Products */,
				0ED8EF2DF59EBADCCB34E5C3 /* Pods */,
				8A509C6CC68EACD28F3B2325 /* Frameworks */,
			);
			sourceTree = "<group>";
		};
		84B1ABF32050DE08005F028A /* Products */ = {
			isa = PBXGroup;
			children = (
				84B1ABF22050DE08005F028A /* JJControl.app */,
				84B1AC0A2050DE08005F028A /* JJControlTests.xctest */,
				84B1AC152050DE08005F028A /* JJControlUITests.xctest */,
				84FAED412057AC2C00BF112C /* JJControlResource.bundle */,
			);
			name = Products;
			sourceTree = "<group>";
		};
		84B1ABF42050DE08005F028A /* JJControl */ = {
			isa = PBXGroup;
			children = (
				2EC341EC20600D45007F4B8C /* Category */,
				84FAEF86205AAD8D00BF112C /* Basic */,
				84FAEF85205AAD3800BF112C /* Room */,
				84F1E8B3205A6D5B00828549 /* HomePage */,
				84FAE8AB2054C2A700BF112C /* JJControlService */,
				84FAEFEF205EAF6A00BF112C /* LoginAndGuide */,
				84FAE8F720566BE400BF112C /* Config */,
				84B1ABF52050DE08005F028A /* AppDelegate.h */,
				84B1ABF62050DE08005F028A /* AppDelegate.m */,
				84FAE8EE20565E4C00BF112C /* intro.mp4 */,
				84FAEEA02057AEAC00BF112C /* JJControlResource.bundle */,
				84B1ABFB2050DE08005F028A /* Main.storyboard */,
				84B1ABFE2050DE08005F028A /* Assets.xcassets */,
				84B1AC002050DE08005F028A /* LaunchScreen.storyboard */,
				84B1AC032050DE08005F028A /* Info.plist */,
				84FAF02C205FDA7000BF112C /* mqtt.plist */,
				84B1AC042050DE08005F028A /* main.m */,
			);
			path = JJControl;
			sourceTree = "<group>";
		};
		84B1AC0D2050DE08005F028A /* JJControlTests */ = {
			isa = PBXGroup;
			children = (
				84B1AC0E2050DE08005F028A /* JJControlTests.m */,
				84B1AC102050DE08005F028A /* Info.plist */,
			);
			path = JJControlTests;
			sourceTree = "<group>";
		};
		84B1AC182050DE08005F028A /* JJControlUITests */ = {
			isa = PBXGroup;
			children = (
				84B1AC192050DE08005F028A /* JJControlUITests.m */,
				84B1AC1B2050DE08005F028A /* Info.plist */,
			);
			path = JJControlUITests;
			sourceTree = "<group>";
		};
		84F1E8B3205A6D5B00828549 /* HomePage */ = {
			isa = PBXGroup;
			children = (
				84F1E8DA205A773300828549 /* home_on@2x.png */,
				84F1E8D8205A773300828549 /* home@2x.png */,
				84F1E8D5205A773300828549 /* room_on@2x.png */,
				84F1E8D9205A773300828549 /* room@2x.png */,
				84F1E8DB205A773300828549 /* setting_on@2x.png */,
				84F1E8D6205A773300828549 /* setting@2x.png */,
				84F1E8D4205A773300828549 /* type_on@2x.png */,
				84F1E8D7205A773300828549 /* type@2x.png */,
				84F1E8B4205A6D9F00828549 /* MainTabBarController.h */,
				84F1E8B5205A6D9F00828549 /* MainTabBarController.m */,
				84F1E8B8205A6E1C00828549 /* HomeController.h */,
				84F1E8B9205A6E1C00828549 /* HomeController.m */,
				84F1E8BB205A6E3000828549 /* RoomController.h */,
				84F1E8BC205A6E3000828549 /* RoomController.m */,
				84F1E8BE205A6E7B00828549 /* CategoryController.h */,
				84F1E8BF205A6E7B00828549 /* CategoryController.m */,
				84F1E8C1205A6E9600828549 /* SettingController.h */,
				84F1E8C2205A6E9600828549 /* SettingController.m */,
			);
			path = HomePage;
			sourceTree = "<group>";
		};
		84FAE8AB2054C2A700BF112C /* JJControlService */ = {
			isa = PBXGroup;
			children = (
				84FAE8AC2054C2C900BF112C /* JJServiceInterface.h */,
				84FAE8AD2054C2C900BF112C /* JJServiceInterface.m */,
				84FAE8C72056158300BF112C /* BDUMD5Crypt.h */,
				84FAE8C82056158300BF112C /* BDUMD5Crypt.m */,
			);
			path = JJControlService;
			sourceTree = "<group>";
		};
		84FAE8F720566BE400BF112C /* Config */ = {
			isa = PBXGroup;
			children = (
				84FAE8F820566BF900BF112C /* JJCtrlConfig.h */,
				84FAE8F920566BF900BF112C /* JJCtrlConfig.m */,
			);
			path = Config;
			sourceTree = "<group>";
		};
		84FAED422057AC2C00BF112C /* JJControlResource */ = {
			isa = PBXGroup;
			children = (
				84FAED432057AC2C00BF112C /* Info.plist */,
			);
			path = JJControlResource;
			sourceTree = "<group>";
		};
		84FAEF85205AAD3800BF112C /* Room */ = {
			isa = PBXGroup;
			children = (
				84FAEF9F205ABE3C00BF112C /* RoomCollectionView.h */,
				84FAEFA0205ABE3C00BF112C /* RoomCollectionView.m */,
				84FAEFE9205E9C8200BF112C /* RoomDataDelegate.h */,
				84FAEFEA205E9C8200BF112C /* RoomDataDelegate.m */,
				84FAEFA2205AC2BA00BF112C /* RoomCollectionCell.h */,
				84FAEFA3205AC2BA00BF112C /* RoomCollectionCell.m */,
				84FAEFEC205E9FA800BF112C /* RoomCollectionReusable.h */,
				84FAEFED205E9FA800BF112C /* RoomCollectionReusable.m */,
			);
			path = Room;
			sourceTree = "<group>";
		};
		84FAEF86205AAD8D00BF112C /* Basic */ = {
			isa = PBXGroup;
			children = (
				84FAEF87205AB0D900BF112C /* BaseDataSource.h */,
				84FAEF88205AB0D900BF112C /* BaseDataSource.m */,
				84FAEF8A205AB40B00BF112C /* BaseDataDelegate.h */,
				84FAEF8B205AB40B00BF112C /* BaseDataDelegate.m */,
				84FAEF8D205ABC9D00BF112C /* BaseCollectionLayout.h */,
				84FAEF8E205ABC9D00BF112C /* BaseCollectionLayout.m */,
				84FAEF90205ABD0D00BF112C /* BaseCollectionView.h */,
				84FAEF91205ABD0D00BF112C /* BaseCollectionView.m */,
			);
			path = Basic;
			sourceTree = "<group>";
		};
		84FAEFEF205EAF6A00BF112C /* LoginAndGuide */ = {
			isa = PBXGroup;
			children = (
				84FAEFF0205EAF6A00BF112C /* ForgetPwdController.h */,
				84FAEFF1205EAF6A00BF112C /* ForgetPwdController.m */,
				84FAEFF2205EAF6A00BF112C /* GuideController.h */,
				84FAEFF3205EAF6A00BF112C /* GuideController.m */,
				84FAEFF4205EAF6A00BF112C /* LoginController.h */,
				84FAEFF5205EAF6A00BF112C /* LoginController.m */,
				84FAEFF6205EAF6A00BF112C /* NavController.h */,
				84FAEFF7205EAF6A00BF112C /* NavController.m */,
				84FAEFF8205EAF6A00BF112C /* OtherLoginController.h */,
				84FAEFF9205EAF6A00BF112C /* OtherLoginController.m */,
				84FAEFFA205EAF6A00BF112C /* RegisterController.h */,
				84FAEFFB205EAF6A00BF112C /* RegisterController.m */,
				84FAEFFC205EAF6A00BF112C /* UserBaseController.h */,
				84FAEFFD205EAF6A00BF112C /* UserBaseController.m */,
				84FAEFFE205EAF6A00BF112C /* ViewController.h */,
				84FAEFFF205EAF6A00BF112C /* ViewController.m */,
			);
			name = LoginAndGuide;
			path = JJControl/LoginAndGuide;
			sourceTree = SOURCE_ROOT;
		};
		8A509C6CC68EACD28F3B2325 /* Frameworks */ = {
			isa = PBXGroup;
			children = (
				84FAE8F52056665D00BF112C /* AVFoundation.framework */,
				84FAE8F320565EF200BF112C /* MediaPlayer.framework */,
				E718575862E4A786EFD47144 /* libPods-JJControl.a */,
				8E1E090301D0EE65464692C2 /* libPods-JJControlUITests.a */,
				F60C49A65A78122C5F926BD5 /* libPods-JJControlTests.a */,
			);
			name = Frameworks;
			sourceTree = "<group>";
		};
/* End PBXGroup section */

/* Begin PBXNativeTarget section */
		84B1ABF12050DE08005F028A /* JJControl */ = {
			isa = PBXNativeTarget;
			buildConfigurationList = 84B1AC1E2050DE08005F028A /* Build configuration list for PBXNativeTarget "JJControl" */;
			buildPhases = (
				D80D412132BE84D6EAAF7C89 /* [CP] Check Pods Manifest.lock */,
				84B1ABEE2050DE08005F028A /* Sources */,
				84B1ABEF2050DE08005F028A /* Frameworks */,
				84B1ABF02050DE08005F028A /* Resources */,
				1ACD804B54F857F39D084591 /* [CP] Embed Pods Frameworks */,
				3FAED88C4404AFFD3D51A88B /* [CP] Copy Pods Resources */,
			);
			buildRules = (
			);
			dependencies = (
			);
			name = JJControl;
			productName = JJControl;
			productReference = 84B1ABF22050DE08005F028A /* JJControl.app */;
			productType = "com.apple.product-type.application";
		};
		84B1AC092050DE08005F028A /* JJControlTests */ = {
			isa = PBXNativeTarget;
			buildConfigurationList = 84B1AC212050DE08005F028A /* Build configuration list for PBXNativeTarget "JJControlTests" */;
			buildPhases = (
				92F491C7734F504008600B90 /* [CP] Check Pods Manifest.lock */,
				84B1AC062050DE08005F028A /* Sources */,
				84B1AC072050DE08005F028A /* Frameworks */,
				84B1AC082050DE08005F028A /* Resources */,
				C1EE8D07FA0A39C05A2CC84D /* [CP] Embed Pods Frameworks */,
				70480113708CE78C70DCA2D8 /* [CP] Copy Pods Resources */,
			);
			buildRules = (
			);
			dependencies = (
				84B1AC0C2050DE08005F028A /* PBXTargetDependency */,
			);
			name = JJControlTests;
			productName = JJControlTests;
			productReference = 84B1AC0A2050DE08005F028A /* JJControlTests.xctest */;
			productType = "com.apple.product-type.bundle.unit-test";
		};
		84B1AC142050DE08005F028A /* JJControlUITests */ = {
			isa = PBXNativeTarget;
			buildConfigurationList = 84B1AC242050DE08005F028A /* Build configuration list for PBXNativeTarget "JJControlUITests" */;
			buildPhases = (
				84B1AC112050DE08005F028A /* Sources */,
				84B1AC122050DE08005F028A /* Frameworks */,
				84B1AC132050DE08005F028A /* Resources */,
			);
			buildRules = (
			);
			dependencies = (
				84B1AC172050DE08005F028A /* PBXTargetDependency */,
			);
			name = JJControlUITests;
			productName = JJControlUITests;
			productReference = 84B1AC152050DE08005F028A /* JJControlUITests.xctest */;
			productType = "com.apple.product-type.bundle.ui-testing";
		};
		84FAED402057AC2C00BF112C /* JJControlResource */ = {
			isa = PBXNativeTarget;
			buildConfigurationList = 84FAED442057AC2C00BF112C /* Build configuration list for PBXNativeTarget "JJControlResource" */;
			buildPhases = (
				84FAED3D2057AC2C00BF112C /* Sources */,
				84FAED3E2057AC2C00BF112C /* Frameworks */,
				84FAED3F2057AC2C00BF112C /* Resources */,
			);
			buildRules = (
			);
			dependencies = (
			);
			name = JJControlResource;
			productName = JJControlResource;
			productReference = 84FAED412057AC2C00BF112C /* JJControlResource.bundle */;
			productType = "com.apple.product-type.bundle";
		};
/* End PBXNativeTarget section */

/* Begin PBXProject section */
		84B1ABEA2050DE08005F028A /* Project object */ = {
			isa = PBXProject;
			attributes = {
				LastUpgradeCheck = 0900;
				ORGANIZATIONNAME = admin;
				TargetAttributes = {
					84B1ABF12050DE08005F028A = {
						CreatedOnToolsVersion = 9.0;
						ProvisioningStyle = Automatic;
					};
					84B1AC092050DE08005F028A = {
						CreatedOnToolsVersion = 9.0;
						ProvisioningStyle = Automatic;
						TestTargetID = 84B1ABF12050DE08005F028A;
					};
					84B1AC142050DE08005F028A = {
						CreatedOnToolsVersion = 9.0;
						ProvisioningStyle = Automatic;
						TestTargetID = 84B1ABF12050DE08005F028A;
					};
					84FAED402057AC2C00BF112C = {
						CreatedOnToolsVersion = 9.2;
						ProvisioningStyle = Automatic;
					};
				};
			};
			buildConfigurationList = 84B1ABED2050DE08005F028A /* Build configuration list for PBXProject "JJControl" */;
			compatibilityVersion = "Xcode 8.0";
			developmentRegion = en;
			hasScannedForEncodings = 0;
			knownRegions = (
				en,
				Base,
			);
			mainGroup = 84B1ABE92050DE08005F028A;
			productRefGroup = 84B1ABF32050DE08005F028A /* Products */;
			projectDirPath = "";
			projectRoot = "";
			targets = (
				84B1ABF12050DE08005F028A /* JJControl */,
				84B1AC092050DE08005F028A /* JJControlTests */,
				84B1AC142050DE08005F028A /* JJControlUITests */,
				84FAED402057AC2C00BF112C /* JJControlResource */,
			);
		};
/* End PBXProject section */

/* Begin PBXResourcesBuildPhase section */
		84B1ABF02050DE08005F028A /* Resources */ = {
			isa = PBXResourcesBuildPhase;
			buildActionMask = 2147483647;
			files = (
				84F1E8E2205A773400828549 /* home_on@2x.png in Resources */,
				84F1E8DF205A773400828549 /* type@2x.png in Resources */,
				84FAEEA12057AEAC00BF112C /* JJControlResource.bundle in Resources */,
				84B1AC022050DE08005F028A /* LaunchScreen.storyboard in Resources */,
				84B1ABFF2050DE08005F028A /* Assets.xcassets in Resources */,
				84F1E8DC205A773400828549 /* type_on@2x.png in Resources */,
				84FAE8EF20565E4C00BF112C /* intro.mp4 in Resources */,
				84B1ABFD2050DE08005F028A /* Main.storyboard in Resources */,
				84F1E8DE205A773400828549 /* setting@2x.png in Resources */,
				84F1E8DD205A773400828549 /* room_on@2x.png in Resources */,
				84F1E8E3205A773400828549 /* setting_on@2x.png in Resources */,
				84F1E8E0205A773400828549 /* home@2x.png in Resources */,
				84FAF02D205FDA7000BF112C /* mqtt.plist in Resources */,
				84F1E8E1205A773400828549 /* room@2x.png in Resources */,
			);
			runOnlyForDeploymentPostprocessing = 0;
		};
		84B1AC082050DE08005F028A /* Resources */ = {
			isa = PBXResourcesBuildPhase;
			buildActionMask = 2147483647;
			files = (
			);
			runOnlyForDeploymentPostprocessing = 0;
		};
		84B1AC132050DE08005F028A /* Resources */ = {
			isa = PBXResourcesBuildPhase;
			buildActionMask = 2147483647;
			files = (
			);
			runOnlyForDeploymentPostprocessing = 0;
		};
		84FAED3F2057AC2C00BF112C /* Resources */ = {
			isa = PBXResourcesBuildPhase;
			buildActionMask = 2147483647;
			files = (
			);
			runOnlyForDeploymentPostprocessing = 0;
		};
/* End PBXResourcesBuildPhase section */

/* Begin PBXShellScriptBuildPhase section */
		1ACD804B54F857F39D084591 /* [CP] Embed Pods Frameworks */ = {
			isa = PBXShellScriptBuildPhase;
			buildActionMask = 2147483647;
			files = (
			);
			inputPaths = (
			);
			name = "[CP] Embed Pods Frameworks";
			outputPaths = (
			);
			runOnlyForDeploymentPostprocessing = 0;
			shellPath = /bin/sh;
			shellScript = "\"${SRCROOT}/Pods/Target Support Files/Pods-JJControl/Pods-JJControl-frameworks.sh\"\n";
			showEnvVarsInLog = 0;
		};
		3FAED88C4404AFFD3D51A88B /* [CP] Copy Pods Resources */ = {
			isa = PBXShellScriptBuildPhase;
			buildActionMask = 2147483647;
			files = (
			);
			inputPaths = (
			);
			name = "[CP] Copy Pods Resources";
			outputPaths = (
			);
			runOnlyForDeploymentPostprocessing = 0;
			shellPath = /bin/sh;
			shellScript = "\"${SRCROOT}/Pods/Target Support Files/Pods-JJControl/Pods-JJControl-resources.sh\"\n";
			showEnvVarsInLog = 0;
		};
		70480113708CE78C70DCA2D8 /* [CP] Copy Pods Resources */ = {
			isa = PBXShellScriptBuildPhase;
			buildActionMask = 2147483647;
			files = (
			);
			inputPaths = (
			);
			name = "[CP] Copy Pods Resources";
			outputPaths = (
			);
			runOnlyForDeploymentPostprocessing = 0;
			shellPath = /bin/sh;
			shellScript = "\"${SRCROOT}/Pods/Target Support Files/Pods-JJControlTests/Pods-JJControlTests-resources.sh\"\n";
			showEnvVarsInLog = 0;
		};
		92F491C7734F504008600B90 /* [CP] Check Pods Manifest.lock */ = {
			isa = PBXShellScriptBuildPhase;
			buildActionMask = 2147483647;
			files = (
			);
			inputPaths = (
				"${PODS_PODFILE_DIR_PATH}/Podfile.lock",
				"${PODS_ROOT}/Manifest.lock",
			);
			name = "[CP] Check Pods Manifest.lock";
			outputPaths = (
				"$(DERIVED_FILE_DIR)/Pods-JJControlTests-checkManifestLockResult.txt",
			);
			runOnlyForDeploymentPostprocessing = 0;
			shellPath = /bin/sh;
			shellScript = "diff \"${PODS_ROOT}/../Podfile.lock\" \"${PODS_ROOT}/Manifest.lock\" > /dev/null\nif [ $? != 0 ] ; then\n    # print error to STDERR\n    echo \"error: The sandbox is not in sync with the Podfile.lock. Run 'pod install' or update your CocoaPods installation.\" >&2\n    exit 1\nfi\n";
			showEnvVarsInLog = 0;
		};
		C1EE8D07FA0A39C05A2CC84D /* [CP] Embed Pods Frameworks */ = {
			isa = PBXShellScriptBuildPhase;
			buildActionMask = 2147483647;
			files = (
			);
			inputPaths = (
			);
			name = "[CP] Embed Pods Frameworks";
			outputPaths = (
			);
			runOnlyForDeploymentPostprocessing = 0;
			shellPath = /bin/sh;
			shellScript = "\"${SRCROOT}/Pods/Target Support Files/Pods-JJControlTests/Pods-JJControlTests-frameworks.sh\"\n";
			showEnvVarsInLog = 0;
		};
		D80D412132BE84D6EAAF7C89 /* [CP] Check Pods Manifest.lock */ = {
			isa = PBXShellScriptBuildPhase;
			buildActionMask = 2147483647;
			files = (
			);
			inputPaths = (
				"${PODS_PODFILE_DIR_PATH}/Podfile.lock",
				"${PODS_ROOT}/Manifest.lock",
			);
			name = "[CP] Check Pods Manifest.lock";
			outputPaths = (
				"$(DERIVED_FILE_DIR)/Pods-JJControl-checkManifestLockResult.txt",
			);
			runOnlyForDeploymentPostprocessing = 0;
			shellPath = /bin/sh;
			shellScript = "diff \"${PODS_ROOT}/../Podfile.lock\" \"${PODS_ROOT}/Manifest.lock\" > /dev/null\nif [ $? != 0 ] ; then\n    # print error to STDERR\n    echo \"error: The sandbox is not in sync with the Podfile.lock. Run 'pod install' or update your CocoaPods installation.\" >&2\n    exit 1\nfi\n";
			showEnvVarsInLog = 0;
		};
/* End PBXShellScriptBuildPhase section */

/* Begin PBXSourcesBuildPhase section */
		84B1ABEE2050DE08005F028A /* Sources */ = {
			isa = PBXSourcesBuildPhase;
			buildActionMask = 2147483647;
			files = (
				84FAEFA4205AC2BA00BF112C /* RoomCollectionCell.m in Sources */,
				84FAEFEB205E9C8200BF112C /* RoomDataDelegate.m in Sources */,
				2EC341EF20600DCE007F4B8C /* CategoryCollectionView.m in Sources */,
				84FAEF92205ABD0D00BF112C /* BaseCollectionView.m in Sources */,
				84FAEFA1205ABE3C00BF112C /* RoomCollectionView.m in Sources */,
				84FAEF89205AB0D900BF112C /* BaseDataSource.m in Sources */,
				84FAF003205EAF6A00BF112C /* NavController.m in Sources */,
				84FAF007205EAF6A00BF112C /* ViewController.m in Sources */,
				84FAE8FA20566BF900BF112C /* JJCtrlConfig.m in Sources */,
				84FAF006205EAF6A00BF112C /* UserBaseController.m in Sources */,
				84FAEFEE205E9FA800BF112C /* RoomCollectionReusable.m in Sources */,
				84FAF005205EAF6A00BF112C /* RegisterController.m in Sources */,
				84F1E8BA205A6E1C00828549 /* HomeController.m in Sources */,
				84FAEF8F205ABC9D00BF112C /* BaseCollectionLayout.m in Sources */,
				84F1E8C0205A6E7B00828549 /* CategoryController.m in Sources */,
				84FAF000205EAF6A00BF112C /* ForgetPwdController.m in Sources */,
				84F1E8C3205A6E9600828549 /* SettingController.m in Sources */,
				2EC341F520600EBA007F4B8C /* CategoryCollectionCell.m in Sources */,
				84F1E8B6205A6D9F00828549 /* MainTabBarController.m in Sources */,
				84FAEF8C205AB40B00BF112C /* BaseDataDelegate.m in Sources */,
				84FAF002205EAF6A00BF112C /* LoginController.m in Sources */,
				2EC341F220600E73007F4B8C /* CategoryDataDelegate.m in Sources */,
				84FAF004205EAF6A00BF112C /* OtherLoginController.m in Sources */,
				84FAF001205EAF6A00BF112C /* GuideController.m in Sources */,
				84FAE8AE2054C2C900BF112C /* JJServiceInterface.m in Sources */,
				84F1E8BD205A6E3000828549 /* RoomController.m in Sources */,
				84B1AC052050DE08005F028A /* main.m in Sources */,
				84B1ABF72050DE08005F028A /* AppDelegate.m in Sources */,
				84FAE8C92056158300BF112C /* BDUMD5Crypt.m in Sources */,
			);
			runOnlyForDeploymentPostprocessing = 0;
		};
		84B1AC062050DE08005F028A /* Sources */ = {
			isa = PBXSourcesBuildPhase;
			buildActionMask = 2147483647;
			files = (
				84B1AC0F2050DE08005F028A /* JJControlTests.m in Sources */,
			);
			runOnlyForDeploymentPostprocessing = 0;
		};
		84B1AC112050DE08005F028A /* Sources */ = {
			isa = PBXSourcesBuildPhase;
			buildActionMask = 2147483647;
			files = (
				84B1AC1A2050DE08005F028A /* JJControlUITests.m in Sources */,
			);
			runOnlyForDeploymentPostprocessing = 0;
		};
		84FAED3D2057AC2C00BF112C /* Sources */ = {
			isa = PBXSourcesBuildPhase;
			buildActionMask = 2147483647;
			files = (
			);
			runOnlyForDeploymentPostprocessing = 0;
		};
/* End PBXSourcesBuildPhase section */

/* Begin PBXTargetDependency section */
		84B1AC0C2050DE08005F028A /* PBXTargetDependency */ = {
			isa = PBXTargetDependency;
			target = 84B1ABF12050DE08005F028A /* JJControl */;
			targetProxy = 84B1AC0B2050DE08005F028A /* PBXContainerItemProxy */;
		};
		84B1AC172050DE08005F028A /* PBXTargetDependency */ = {
			isa = PBXTargetDependency;
			target = 84B1ABF12050DE08005F028A /* JJControl */;
			targetProxy = 84B1AC162050DE08005F028A /* PBXContainerItemProxy */;
		};
/* End PBXTargetDependency section */

/* Begin PBXVariantGroup section */
		84B1ABFB2050DE08005F028A /* Main.storyboard */ = {
			isa = PBXVariantGroup;
			children = (
				84B1ABFC2050DE08005F028A /* Base */,
			);
			name = Main.storyboard;
			sourceTree = "<group>";
		};
		84B1AC002050DE08005F028A /* LaunchScreen.storyboard */ = {
			isa = PBXVariantGroup;
			children = (
				84B1AC012050DE08005F028A /* Base */,
			);
			name = LaunchScreen.storyboard;
			sourceTree = "<group>";
		};
/* End PBXVariantGroup section */

/* Begin XCBuildConfiguration section */
		84B1AC1C2050DE08005F028A /* Debug */ = {
			isa = XCBuildConfiguration;
			buildSettings = {
				ALWAYS_SEARCH_USER_PATHS = NO;
				CLANG_ANALYZER_NONNULL = YES;
				CLANG_ANALYZER_NUMBER_OBJECT_CONVERSION = YES_AGGRESSIVE;
				CLANG_CXX_LANGUAGE_STANDARD = "gnu++14";
				CLANG_CXX_LIBRARY = "libc++";
				CLANG_ENABLE_MODULES = YES;
				CLANG_ENABLE_OBJC_ARC = YES;
				CLANG_WARN_BLOCK_CAPTURE_AUTORELEASING = YES;
				CLANG_WARN_BOOL_CONVERSION = YES;
				CLANG_WARN_COMMA = YES;
				CLANG_WARN_CONSTANT_CONVERSION = YES;
				CLANG_WARN_DIRECT_OBJC_ISA_USAGE = YES_ERROR;
				CLANG_WARN_DOCUMENTATION_COMMENTS = YES;
				CLANG_WARN_EMPTY_BODY = YES;
				CLANG_WARN_ENUM_CONVERSION = YES;
				CLANG_WARN_INFINITE_RECURSION = YES;
				CLANG_WARN_INT_CONVERSION = YES;
				CLANG_WARN_NON_LITERAL_NULL_CONVERSION = YES;
				CLANG_WARN_OBJC_LITERAL_CONVERSION = YES;
				CLANG_WARN_OBJC_ROOT_CLASS = YES_ERROR;
				CLANG_WARN_RANGE_LOOP_ANALYSIS = YES;
				CLANG_WARN_STRICT_PROTOTYPES = YES;
				CLANG_WARN_SUSPICIOUS_MOVE = YES;
				CLANG_WARN_UNGUARDED_AVAILABILITY = YES_AGGRESSIVE;
				CLANG_WARN_UNREACHABLE_CODE = YES;
				CLANG_WARN__DUPLICATE_METHOD_MATCH = YES;
				CODE_SIGN_IDENTITY = "iPhone Developer";
				COPY_PHASE_STRIP = NO;
				DEBUG_INFORMATION_FORMAT = dwarf;
				ENABLE_STRICT_OBJC_MSGSEND = YES;
				ENABLE_TESTABILITY = YES;
				GCC_C_LANGUAGE_STANDARD = gnu11;
				GCC_DYNAMIC_NO_PIC = NO;
				GCC_NO_COMMON_BLOCKS = YES;
				GCC_OPTIMIZATION_LEVEL = 0;
				GCC_PREPROCESSOR_DEFINITIONS = (
					"DEBUG=1",
					"$(inherited)",
				);
				GCC_WARN_64_TO_32_BIT_CONVERSION = YES;
				GCC_WARN_ABOUT_RETURN_TYPE = YES_ERROR;
				GCC_WARN_UNDECLARED_SELECTOR = YES;
				GCC_WARN_UNINITIALIZED_AUTOS = YES_AGGRESSIVE;
				GCC_WARN_UNUSED_FUNCTION = YES;
				GCC_WARN_UNUSED_VARIABLE = YES;
				IPHONEOS_DEPLOYMENT_TARGET = 11.0;
				MTL_ENABLE_DEBUG_INFO = YES;
				ONLY_ACTIVE_ARCH = YES;
				SDKROOT = iphoneos;
			};
			name = Debug;
		};
		84B1AC1D2050DE08005F028A /* Release */ = {
			isa = XCBuildConfiguration;
			buildSettings = {
				ALWAYS_SEARCH_USER_PATHS = NO;
				CLANG_ANALYZER_NONNULL = YES;
				CLANG_ANALYZER_NUMBER_OBJECT_CONVERSION = YES_AGGRESSIVE;
				CLANG_CXX_LANGUAGE_STANDARD = "gnu++14";
				CLANG_CXX_LIBRARY = "libc++";
				CLANG_ENABLE_MODULES = YES;
				CLANG_ENABLE_OBJC_ARC = YES;
				CLANG_WARN_BLOCK_CAPTURE_AUTORELEASING = YES;
				CLANG_WARN_BOOL_CONVERSION = YES;
				CLANG_WARN_COMMA = YES;
				CLANG_WARN_CONSTANT_CONVERSION = YES;
				CLANG_WARN_DIRECT_OBJC_ISA_USAGE = YES_ERROR;
				CLANG_WARN_DOCUMENTATION_COMMENTS = YES;
				CLANG_WARN_EMPTY_BODY = YES;
				CLANG_WARN_ENUM_CONVERSION = YES;
				CLANG_WARN_INFINITE_RECURSION = YES;
				CLANG_WARN_INT_CONVERSION = YES;
				CLANG_WARN_NON_LITERAL_NULL_CONVERSION = YES;
				CLANG_WARN_OBJC_LITERAL_CONVERSION = YES;
				CLANG_WARN_OBJC_ROOT_CLASS = YES_ERROR;
				CLANG_WARN_RANGE_LOOP_ANALYSIS = YES;
				CLANG_WARN_STRICT_PROTOTYPES = YES;
				CLANG_WARN_SUSPICIOUS_MOVE = YES;
				CLANG_WARN_UNGUARDED_AVAILABILITY = YES_AGGRESSIVE;
				CLANG_WARN_UNREACHABLE_CODE = YES;
				CLANG_WARN__DUPLICATE_METHOD_MATCH = YES;
				CODE_SIGN_IDENTITY = "iPhone Developer";
				COPY_PHASE_STRIP = NO;
				DEBUG_INFORMATION_FORMAT = "dwarf-with-dsym";
				ENABLE_NS_ASSERTIONS = NO;
				ENABLE_STRICT_OBJC_MSGSEND = YES;
				GCC_C_LANGUAGE_STANDARD = gnu11;
				GCC_NO_COMMON_BLOCKS = YES;
				GCC_WARN_64_TO_32_BIT_CONVERSION = YES;
				GCC_WARN_ABOUT_RETURN_TYPE = YES_ERROR;
				GCC_WARN_UNDECLARED_SELECTOR = YES;
				GCC_WARN_UNINITIALIZED_AUTOS = YES_AGGRESSIVE;
				GCC_WARN_UNUSED_FUNCTION = YES;
				GCC_WARN_UNUSED_VARIABLE = YES;
				IPHONEOS_DEPLOYMENT_TARGET = 11.0;
				MTL_ENABLE_DEBUG_INFO = NO;
				SDKROOT = iphoneos;
				VALIDATE_PRODUCT = YES;
			};
			name = Release;
		};
		84B1AC1F2050DE08005F028A /* Debug */ = {
			isa = XCBuildConfiguration;
			baseConfigurationReference = 7A49B1E052B158A11924C475 /* Pods-JJControl.debug.xcconfig */;
			buildSettings = {
				ASSETCATALOG_COMPILER_APPICON_NAME = AppIcon;
				CODE_SIGN_STYLE = Automatic;
				DEVELOPMENT_TEAM = F42QK2HDRU;
				INFOPLIST_FILE = JJControl/Info.plist;
				IPHONEOS_DEPLOYMENT_TARGET = 9.0;
				LD_RUNPATH_SEARCH_PATHS = "$(inherited) @executable_path/Frameworks";
				PRODUCT_BUNDLE_IDENTIFIER = com.li.JJControl;
				PRODUCT_NAME = "$(TARGET_NAME)";
				TARGETED_DEVICE_FAMILY = "1,2";
			};
			name = Debug;
		};
		84B1AC202050DE08005F028A /* Release */ = {
			isa = XCBuildConfiguration;
			baseConfigurationReference = 6CCF6077A4B32890BA60222A /* Pods-JJControl.release.xcconfig */;
			buildSettings = {
				ASSETCATALOG_COMPILER_APPICON_NAME = AppIcon;
				CODE_SIGN_STYLE = Automatic;
				DEVELOPMENT_TEAM = F42QK2HDRU;
				INFOPLIST_FILE = JJControl/Info.plist;
				IPHONEOS_DEPLOYMENT_TARGET = 9.0;
				LD_RUNPATH_SEARCH_PATHS = "$(inherited) @executable_path/Frameworks";
				PRODUCT_BUNDLE_IDENTIFIER = com.li.JJControl;
				PRODUCT_NAME = "$(TARGET_NAME)";
				TARGETED_DEVICE_FAMILY = "1,2";
			};
			name = Release;
		};
		84B1AC222050DE08005F028A /* Debug */ = {
			isa = XCBuildConfiguration;
			baseConfigurationReference = 8FF19B07AEB2ED139E7CA732 /* Pods-JJControlTests.debug.xcconfig */;
			buildSettings = {
				BUNDLE_LOADER = "$(TEST_HOST)";
				CODE_SIGN_STYLE = Automatic;
				DEVELOPMENT_TEAM = F42QK2HDRU;
				INFOPLIST_FILE = JJControlTests/Info.plist;
				LD_RUNPATH_SEARCH_PATHS = "$(inherited) @executable_path/Frameworks @loader_path/Frameworks";
				PRODUCT_BUNDLE_IDENTIFIER = com.li.JJControlTests;
				PRODUCT_NAME = "$(TARGET_NAME)";
				TARGETED_DEVICE_FAMILY = "1,2";
				TEST_HOST = "$(BUILT_PRODUCTS_DIR)/JJControl.app/JJControl";
			};
			name = Debug;
		};
		84B1AC232050DE08005F028A /* Release */ = {
			isa = XCBuildConfiguration;
			baseConfigurationReference = AA4192CE4AD5263CDDD4FEED /* Pods-JJControlTests.release.xcconfig */;
			buildSettings = {
				BUNDLE_LOADER = "$(TEST_HOST)";
				CODE_SIGN_STYLE = Automatic;
				DEVELOPMENT_TEAM = F42QK2HDRU;
				INFOPLIST_FILE = JJControlTests/Info.plist;
				LD_RUNPATH_SEARCH_PATHS = "$(inherited) @executable_path/Frameworks @loader_path/Frameworks";
				PRODUCT_BUNDLE_IDENTIFIER = com.li.JJControlTests;
				PRODUCT_NAME = "$(TARGET_NAME)";
				TARGETED_DEVICE_FAMILY = "1,2";
				TEST_HOST = "$(BUILT_PRODUCTS_DIR)/JJControl.app/JJControl";
			};
			name = Release;
		};
		84B1AC252050DE08005F028A /* Debug */ = {
			isa = XCBuildConfiguration;
			buildSettings = {
				CODE_SIGN_STYLE = Automatic;
				DEVELOPMENT_TEAM = F42QK2HDRU;
				INFOPLIST_FILE = JJControlUITests/Info.plist;
				LD_RUNPATH_SEARCH_PATHS = "$(inherited) @executable_path/Frameworks @loader_path/Frameworks";
				PRODUCT_BUNDLE_IDENTIFIER = com.li.JJControlUITests;
				PRODUCT_NAME = "$(TARGET_NAME)";
				TARGETED_DEVICE_FAMILY = "1,2";
				TEST_TARGET_NAME = JJControl;
			};
			name = Debug;
		};
		84B1AC262050DE08005F028A /* Release */ = {
			isa = XCBuildConfiguration;
			buildSettings = {
				CODE_SIGN_STYLE = Automatic;
				DEVELOPMENT_TEAM = F42QK2HDRU;
				INFOPLIST_FILE = JJControlUITests/Info.plist;
				LD_RUNPATH_SEARCH_PATHS = "$(inherited) @executable_path/Frameworks @loader_path/Frameworks";
				PRODUCT_BUNDLE_IDENTIFIER = com.li.JJControlUITests;
				PRODUCT_NAME = "$(TARGET_NAME)";
				TARGETED_DEVICE_FAMILY = "1,2";
				TEST_TARGET_NAME = JJControl;
			};
			name = Release;
		};
		84FAED452057AC2C00BF112C /* Debug */ = {
			isa = XCBuildConfiguration;
			buildSettings = {
				CODE_SIGN_IDENTITY = "Mac Developer";
				CODE_SIGN_STYLE = Automatic;
				COMBINE_HIDPI_IMAGES = NO;
				DEBUG_INFORMATION_FORMAT = "dwarf-with-dsym";
				DEVELOPMENT_TEAM = F42QK2HDRU;
				INFOPLIST_FILE = JJControlResource/Info.plist;
				INSTALL_PATH = "$(LOCAL_LIBRARY_DIR)/Bundles";
				IPHONEOS_DEPLOYMENT_TARGET = 8.0;
				MACOSX_DEPLOYMENT_TARGET = 10.12;
				ONLY_ACTIVE_ARCH = YES;
				PRODUCT_BUNDLE_IDENTIFIER = com.li.JJControl;
				PRODUCT_NAME = "$(TARGET_NAME)";
				SDKROOT = iphoneos;
				SKIP_INSTALL = NO;
				TARGETED_DEVICE_FAMILY = "1,2";
				WRAPPER_EXTENSION = bundle;
			};
			name = Debug;
		};
		84FAED462057AC2C00BF112C /* Release */ = {
			isa = XCBuildConfiguration;
			buildSettings = {
				CODE_SIGN_IDENTITY = "Mac Developer";
				CODE_SIGN_STYLE = Automatic;
				COMBINE_HIDPI_IMAGES = NO;
				COPY_PHASE_STRIP = YES;
				DEBUG_INFORMATION_FORMAT = "dwarf-with-dsym";
				DEVELOPMENT_TEAM = F42QK2HDRU;
				INFOPLIST_FILE = JJControlResource/Info.plist;
				INSTALL_PATH = "$(LOCAL_LIBRARY_DIR)/Bundles";
				IPHONEOS_DEPLOYMENT_TARGET = 8.0;
				MACOSX_DEPLOYMENT_TARGET = 10.12;
				ONLY_ACTIVE_ARCH = YES;
				PRODUCT_BUNDLE_IDENTIFIER = com.li.JJControl;
				PRODUCT_NAME = "$(TARGET_NAME)";
				SDKROOT = iphoneos;
				SKIP_INSTALL = NO;
				TARGETED_DEVICE_FAMILY = "1,2";
				WRAPPER_EXTENSION = bundle;
			};
			name = Release;
		};
/* End XCBuildConfiguration section */

/* Begin XCConfigurationList section */
		84B1ABED2050DE08005F028A /* Build configuration list for PBXProject "JJControl" */ = {
			isa = XCConfigurationList;
			buildConfigurations = (
				84B1AC1C2050DE08005F028A /* Debug */,
				84B1AC1D2050DE08005F028A /* Release */,
			);
			defaultConfigurationIsVisible = 0;
			defaultConfigurationName = Release;
		};
		84B1AC1E2050DE08005F028A /* Build configuration list for PBXNativeTarget "JJControl" */ = {
			isa = XCConfigurationList;
			buildConfigurations = (
				84B1AC1F2050DE08005F028A /* Debug */,
				84B1AC202050DE08005F028A /* Release */,
			);
			defaultConfigurationIsVisible = 0;
			defaultConfigurationName = Release;
		};
		84B1AC212050DE08005F028A /* Build configuration list for PBXNativeTarget "JJControlTests" */ = {
			isa = XCConfigurationList;
			buildConfigurations = (
				84B1AC222050DE08005F028A /* Debug */,
				84B1AC232050DE08005F028A /* Release */,
			);
			defaultConfigurationIsVisible = 0;
			defaultConfigurationName = Release;
		};
		84B1AC242050DE08005F028A /* Build configuration list for PBXNativeTarget "JJControlUITests" */ = {
			isa = XCConfigurationList;
			buildConfigurations = (
				84B1AC252050DE08005F028A /* Debug */,
				84B1AC262050DE08005F028A /* Release */,
			);
			defaultConfigurationIsVisible = 0;
			defaultConfigurationName = Release;
		};
		84FAED442057AC2C00BF112C /* Build configuration list for PBXNativeTarget "JJControlResource" */ = {
			isa = XCConfigurationList;
			buildConfigurations = (
				84FAED452057AC2C00BF112C /* Debug */,
				84FAED462057AC2C00BF112C /* Release */,
			);
			defaultConfigurationIsVisible = 0;
			defaultConfigurationName = Release;
		};
/* End XCConfigurationList section */
	};
	rootObject = 84B1ABEA2050DE08005F028A /* Project object */;
}
